# THIS IS AN AUTOGENERATED FILE. DO NOT EDIT THIS FILE DIRECTLY.
# yarn lockfile v1


abstract-leveldown@^4.0.0, abstract-leveldown@~4.0.0:
  version "4.0.3"
  resolved "https://nexus.dev.casaba.tech/repository/npm/abstract-leveldown/-/abstract-leveldown-4.0.3.tgz#cb636f4965fbe117f5c8b76a7d51dd42aaed0580"
  dependencies:
    xtend "~4.0.0"

abstract-leveldown@~5.0.0:
  version "5.0.0"
  resolved "https://nexus.dev.casaba.tech/repository/npm/abstract-leveldown/-/abstract-leveldown-5.0.0.tgz#f7128e1f86ccabf7d2893077ce5d06d798e386c6"
  dependencies:
    xtend "~4.0.0"

accepts@~1.3.5:
  version "1.3.5"
  resolved "https://nexus.dev.casaba.tech/repository/npm/accepts/-/accepts-1.3.5.tgz#eb777df6011723a3b14e8a72c0805c8e86746bd2"
  dependencies:
    mime-types "~2.1.18"
    negotiator "0.6.1"

ansi-regex@^2.0.0:
  version "2.1.1"
  resolved "https://nexus.dev.casaba.tech/repository/npm/ansi-regex/-/ansi-regex-2.1.1.tgz#c3b33ab5ee360d86e0e628f0468ae7ef27d654df"

ansi-regex@^3.0.0:
  version "3.0.0"
  resolved "https://nexus.dev.casaba.tech/repository/npm/ansi-regex/-/ansi-regex-3.0.0.tgz#ed0317c322064f79466c02966bddb605ab37d998"

aproba@^1.0.3:
  version "1.2.0"
  resolved "https://nexus.dev.casaba.tech/repository/npm/aproba/-/aproba-1.2.0.tgz#6802e6264efd18c790a1b0d517f0f2627bf2c94a"

are-we-there-yet@~1.1.2:
  version "1.1.5"
  resolved "https://nexus.dev.casaba.tech/repository/npm/are-we-there-yet/-/are-we-there-yet-1.1.5.tgz#4b35c2944f062a8bfcda66410760350fe9ddfc21"
  dependencies:
    delegates "^1.0.0"
    readable-stream "^2.0.6"

argsarray@0.0.1:
  version "0.0.1"
  resolved "https://nexus.dev.casaba.tech/repository/npm/argsarray/-/argsarray-0.0.1.tgz#6e7207b4ecdb39b0af88303fa5ae22bda8df61cb"

array-flatten@1.1.1:
  version "1.1.1"
  resolved "https://nexus.dev.casaba.tech/repository/npm/array-flatten/-/array-flatten-1.1.1.tgz#9a5f699051b1e7073328f2a008968b64ea2955d2"

bindings@~1.3.0:
  version "1.3.1"
  resolved "https://nexus.dev.casaba.tech/repository/npm/bindings/-/bindings-1.3.1.tgz#21fc7c6d67c18516ec5aaa2815b145ff77b26ea5"

bl@^1.0.0:
  version "1.2.2"
  resolved "https://nexus.dev.casaba.tech/repository/npm/bl/-/bl-1.2.2.tgz#a160911717103c07410cef63ef51b397c025af9c"
  dependencies:
    readable-stream "^2.3.5"
    safe-buffer "^5.1.1"

body-parser@1.18.3:
  version "1.18.3"
  resolved "https://nexus.dev.casaba.tech/repository/npm/body-parser/-/body-parser-1.18.3.tgz#5b292198ffdd553b3a0f20ded0592b956955c8b4"
  dependencies:
    bytes "3.0.0"
    content-type "~1.0.4"
    debug "2.6.9"
    depd "~1.1.2"
    http-errors "~1.6.3"
    iconv-lite "0.4.23"
    on-finished "~2.3.0"
    qs "6.5.2"
    raw-body "2.3.3"
    type-is "~1.6.16"

buffer-alloc-unsafe@^1.1.0:
  version "1.1.0"
  resolved "https://nexus.dev.casaba.tech/repository/npm/buffer-alloc-unsafe/-/buffer-alloc-unsafe-1.1.0.tgz#bd7dc26ae2972d0eda253be061dba992349c19f0"

buffer-alloc@^1.2.0:
  version "1.2.0"
  resolved "https://nexus.dev.casaba.tech/repository/npm/buffer-alloc/-/buffer-alloc-1.2.0.tgz#890dd90d923a873e08e10e5fd51a57e5b7cce0ec"
  dependencies:
    buffer-alloc-unsafe "^1.1.0"
    buffer-fill "^1.0.0"

buffer-fill@^1.0.0:
  version "1.0.0"
  resolved "https://nexus.dev.casaba.tech/repository/npm/buffer-fill/-/buffer-fill-1.0.0.tgz#f8f78b76789888ef39f205cd637f68e702122b2c"

buffer-from@1.1.0:
  version "1.1.0"
  resolved "https://nexus.dev.casaba.tech/repository/npm/buffer-from/-/buffer-from-1.1.0.tgz#87fcaa3a298358e0ade6e442cfce840740d1ad04"

bytes@3.0.0:
  version "3.0.0"
  resolved "https://nexus.dev.casaba.tech/repository/npm/bytes/-/bytes-3.0.0.tgz#d32815404d689699f85a4ea4fa8755dd13a96048"

chownr@^1.0.1:
  version "1.1.1"
  resolved "https://nexus.dev.casaba.tech/repository/npm/chownr/-/chownr-1.1.1.tgz#54726b8b8fff4df053c42187e801fb4412df1494"

circular-json@^0.5.5:
  version "0.5.9"
  resolved "https://nexus.dev.casaba.tech/repository/npm/circular-json/-/circular-json-0.5.9.tgz#932763ae88f4f7dead7a0d09c8a51a4743a53b1d"

clone-buffer@1.0.0:
  version "1.0.0"
  resolved "https://nexus.dev.casaba.tech/repository/npm/clone-buffer/-/clone-buffer-1.0.0.tgz#e3e25b207ac4e701af721e2cb5a16792cac3dc58"

code-point-at@^1.0.0:
  version "1.1.0"
  resolved "https://nexus.dev.casaba.tech/repository/npm/code-point-at/-/code-point-at-1.1.0.tgz#0d070b4d043a5bea33a2f1a40e2edb3d9a4ccf77"

console-control-strings@^1.0.0, console-control-strings@~1.1.0:
  version "1.1.0"
  resolved "https://nexus.dev.casaba.tech/repository/npm/console-control-strings/-/console-control-strings-1.1.0.tgz#3d7cf4464db6446ea644bf4b39507f9851008e8e"

content-disposition@0.5.2:
  version "0.5.2"
  resolved "https://nexus.dev.casaba.tech/repository/npm/content-disposition/-/content-disposition-0.5.2.tgz#0cf68bb9ddf5f2be7961c3a85178cb85dba78cb4"

content-type@~1.0.4:
  version "1.0.4"
  resolved "https://nexus.dev.casaba.tech/repository/npm/content-type/-/content-type-1.0.4.tgz#e138cc75e040c727b1966fe5e5f8c9aee256fe3b"

cookie-signature@1.0.6:
  version "1.0.6"
  resolved "https://nexus.dev.casaba.tech/repository/npm/cookie-signature/-/cookie-signature-1.0.6.tgz#e303a882b342cc3ee8ca513a79999734dab3ae2c"

cookie@0.3.1:
  version "0.3.1"
  resolved "https://nexus.dev.casaba.tech/repository/npm/cookie/-/cookie-0.3.1.tgz#e7e0a1f9ef43b4c8ba925c5c5a96e806d16873bb"

core-util-is@~1.0.0:
  version "1.0.2"
  resolved "https://nexus.dev.casaba.tech/repository/npm/core-util-is/-/core-util-is-1.0.2.tgz#b5fd54220aa2bc5ab57aab7140c940754503c1a7"

date-format@^1.2.0:
  version "1.2.0"
  resolved "https://nexus.dev.casaba.tech/repository/npm/date-format/-/date-format-1.2.0.tgz#615e828e233dd1ab9bb9ae0950e0ceccfa6ecad8"

debug@2.6.9:
  version "2.6.9"
  resolved "https://nexus.dev.casaba.tech/repository/npm/debug/-/debug-2.6.9.tgz#5d128515df134ff327e90a4c93f4e077a536341f"
  dependencies:
    ms "2.0.0"

debug@^3.1.0:
  version "3.2.6"
  resolved "https://nexus.dev.casaba.tech/repository/npm/debug/-/debug-3.2.6.tgz#e83d17de16d8a7efb7717edbe5fb10135eee629b"
  dependencies:
    ms "^2.1.1"

decompress-response@^3.3.0:
  version "3.3.0"
  resolved "https://nexus.dev.casaba.tech/repository/npm/decompress-response/-/decompress-response-3.3.0.tgz#80a4dd323748384bfa248083622aedec982adff3"
  dependencies:
    mimic-response "^1.0.0"

deep-extend@^0.6.0:
  version "0.6.0"
  resolved "https://nexus.dev.casaba.tech/repository/npm/deep-extend/-/deep-extend-0.6.0.tgz#c4fa7c95404a17a9c3e8ca7e1537312b736330ac"

deferred-leveldown@~3.0.0:
  version "3.0.0"
  resolved "https://nexus.dev.casaba.tech/repository/npm/deferred-leveldown/-/deferred-leveldown-3.0.0.tgz#bff7241bf156aa3635f520bedf34330c408d3307"
  dependencies:
    abstract-leveldown "~4.0.0"

deferred-leveldown@~4.0.0:
  version "4.0.2"
  resolved "https://nexus.dev.casaba.tech/repository/npm/deferred-leveldown/-/deferred-leveldown-4.0.2.tgz#0b0570087827bf480a23494b398f04c128c19a20"
  dependencies:
    abstract-leveldown "~5.0.0"
    inherits "^2.0.3"

delegates@^1.0.0:
  version "1.0.0"
  resolved "https://nexus.dev.casaba.tech/repository/npm/delegates/-/delegates-1.0.0.tgz#84c6e159b81904fdca59a0ef44cd870d31250f9a"

depd@~1.1.2:
  version "1.1.2"
  resolved "https://nexus.dev.casaba.tech/repository/npm/depd/-/depd-1.1.2.tgz#9bcd52e14c097763e749b274c4346ed2e560b5a9"

destroy@~1.0.4:
  version "1.0.4"
  resolved "https://nexus.dev.casaba.tech/repository/npm/destroy/-/destroy-1.0.4.tgz#978857442c44749e4206613e37946205826abd80"

detect-libc@^1.0.3:
  version "1.0.3"
  resolved "https://nexus.dev.casaba.tech/repository/npm/detect-libc/-/detect-libc-1.0.3.tgz#fa137c4bd698edf55cd5cd02ac559f91a4c4ba9b"

double-ended-queue@2.1.0-0:
  version "2.1.0-0"
  resolved "https://nexus.dev.casaba.tech/repository/npm/double-ended-queue/-/double-ended-queue-2.1.0-0.tgz#103d3527fd31528f40188130c841efdd78264e5c"

ee-first@1.1.1:
  version "1.1.1"
  resolved "https://nexus.dev.casaba.tech/repository/npm/ee-first/-/ee-first-1.1.1.tgz#590c61156b0ae2f4f0255732a158b266bc56b21d"

encodeurl@~1.0.2:
  version "1.0.2"
  resolved "https://nexus.dev.casaba.tech/repository/npm/encodeurl/-/encodeurl-1.0.2.tgz#ad3ff4c86ec2d029322f5a02c3a9a606c95b3f59"

encoding-down@~4.0.0:
  version "4.0.1"
  resolved "https://nexus.dev.casaba.tech/repository/npm/encoding-down/-/encoding-down-4.0.1.tgz#15a544eb13d7feeabc9e6f433633d6c966f077c9"
  dependencies:
    abstract-leveldown "^4.0.0"
    level-codec "^8.0.0"
    level-errors "^1.0.4"
    xtend "^4.0.1"

end-of-stream@^1.0.0, end-of-stream@^1.1.0:
  version "1.4.1"
  resolved "https://nexus.dev.casaba.tech/repository/npm/end-of-stream/-/end-of-stream-1.4.1.tgz#ed29634d19baba463b6ce6b80a37213eab71ec43"
  dependencies:
    once "^1.4.0"

end-stream@~0.1.0:
  version "0.1.0"
  resolved "https://nexus.dev.casaba.tech/repository/npm/end-stream/-/end-stream-0.1.0.tgz#32003f3f438a2b0143168137f8fa6e9866c81ed5"
  dependencies:
    write-stream "~0.4.3"

errno@~0.1.1:
  version "0.1.7"
  resolved "https://nexus.dev.casaba.tech/repository/npm/errno/-/errno-0.1.7.tgz#4684d71779ad39af177e3f007996f7c67c852618"
  dependencies:
    prr "~1.0.1"

es6-denodeify@^0.1.1:
  version "0.1.5"
  resolved "https://nexus.dev.casaba.tech/repository/npm/es6-denodeify/-/es6-denodeify-0.1.5.tgz#31d4d5fe9c5503e125460439310e16a2a3f39c1f"

escape-html@~1.0.3:
  version "1.0.3"
  resolved "https://nexus.dev.casaba.tech/repository/npm/escape-html/-/escape-html-1.0.3.tgz#0258eae4d3d0c0974de1c169188ef0051d1d1988"

etag@~1.8.1:
  version "1.8.1"
  resolved "https://nexus.dev.casaba.tech/repository/npm/etag/-/etag-1.8.1.tgz#41ae2eeb65efa62268aebfea83ac7d79299b0887"

expand-template@^1.0.2:
  version "1.1.1"
  resolved "https://nexus.dev.casaba.tech/repository/npm/expand-template/-/expand-template-1.1.1.tgz#981f188c0c3a87d2e28f559bc541426ff94f21dd"

express@^4.16.3:
  version "4.16.4"
  resolved "https://nexus.dev.casaba.tech/repository/npm/express/-/express-4.16.4.tgz#fddef61926109e24c515ea97fd2f1bdbf62df12e"
  dependencies:
    accepts "~1.3.5"
    array-flatten "1.1.1"
    body-parser "1.18.3"
    content-disposition "0.5.2"
    content-type "~1.0.4"
    cookie "0.3.1"
    cookie-signature "1.0.6"
    debug "2.6.9"
    depd "~1.1.2"
    encodeurl "~1.0.2"
    escape-html "~1.0.3"
    etag "~1.8.1"
    finalhandler "1.1.1"
    fresh "0.5.2"
    merge-descriptors "1.0.1"
    methods "~1.1.2"
    on-finished "~2.3.0"
    parseurl "~1.3.2"
    path-to-regexp "0.1.7"
    proxy-addr "~2.0.4"
    qs "6.5.2"
    range-parser "~1.2.0"
    safe-buffer "5.1.2"
    send "0.16.2"
    serve-static "1.13.2"
    setprototypeof "1.1.0"
    statuses "~1.4.0"
    type-is "~1.6.16"
    utils-merge "1.0.1"
    vary "~1.1.2"

fast-future@~1.0.2:
  version "1.0.2"
  resolved "https://nexus.dev.casaba.tech/repository/npm/fast-future/-/fast-future-1.0.2.tgz#8435a9aaa02d79248d17d704e76259301d99280a"

fetch-cookie@0.7.0:
  version "0.7.0"
  resolved "https://nexus.dev.casaba.tech/repository/npm/fetch-cookie/-/fetch-cookie-0.7.0.tgz#a6fc137ad8363aa89125864c6451b86ecb7de802"
  dependencies:
    es6-denodeify "^0.1.1"
    tough-cookie "^2.3.1"

finalhandler@1.1.1:
  version "1.1.1"
  resolved "https://nexus.dev.casaba.tech/repository/npm/finalhandler/-/finalhandler-1.1.1.tgz#eebf4ed840079c83f4249038c9d703008301b105"
  dependencies:
    debug "2.6.9"
    encodeurl "~1.0.2"
    escape-html "~1.0.3"
    on-finished "~2.3.0"
    parseurl "~1.3.2"
    statuses "~1.4.0"
    unpipe "~1.0.0"

forwarded@~0.1.2:
  version "0.1.2"
  resolved "https://nexus.dev.casaba.tech/repository/npm/forwarded/-/forwarded-0.1.2.tgz#98c23dab1175657b8c0573e8ceccd91b0ff18c84"

fresh@0.5.2:
  version "0.5.2"
  resolved "https://nexus.dev.casaba.tech/repository/npm/fresh/-/fresh-0.5.2.tgz#3d8cadd90d976569fa835ab1f8e4b23a105605a7"

fs-constants@^1.0.0:
  version "1.0.0"
  resolved "https://nexus.dev.casaba.tech/repository/npm/fs-constants/-/fs-constants-1.0.0.tgz#6be0de9be998ce16af8afc24497b9ee9b7ccd9ad"

gauge@~2.7.3:
  version "2.7.4"
  resolved "https://nexus.dev.casaba.tech/repository/npm/gauge/-/gauge-2.7.4.tgz#2c03405c7538c39d7eb37b317022e325fb018bf7"
  dependencies:
    aproba "^1.0.3"
    console-control-strings "^1.0.0"
    has-unicode "^2.0.0"
    object-assign "^4.1.0"
    signal-exit "^3.0.0"
    string-width "^1.0.1"
    strip-ansi "^3.0.1"
    wide-align "^1.1.0"

github-from-package@0.0.0:
  version "0.0.0"
  resolved "https://nexus.dev.casaba.tech/repository/npm/github-from-package/-/github-from-package-0.0.0.tgz#97fb5d96bfde8973313f20e8288ef9a167fa64ce"

has-unicode@^2.0.0:
  version "2.0.1"
  resolved "https://nexus.dev.casaba.tech/repository/npm/has-unicode/-/has-unicode-2.0.1.tgz#e0e6fe6a28cf51138855e086d1691e771de2a8b9"

http-errors@1.6.3, http-errors@~1.6.2, http-errors@~1.6.3:
  version "1.6.3"
  resolved "https://nexus.dev.casaba.tech/repository/npm/http-errors/-/http-errors-1.6.3.tgz#8b55680bb4be283a0b5bf4ea2e38580be1d9320d"
  dependencies:
    depd "~1.1.2"
    inherits "2.0.3"
    setprototypeof "1.1.0"
    statuses ">= 1.4.0 < 2"

iconv-lite@0.4.23:
  version "0.4.23"
  resolved "https://nexus.dev.casaba.tech/repository/npm/iconv-lite/-/iconv-lite-0.4.23.tgz#297871f63be507adcfbfca715d0cd0eed84e9a63"
  dependencies:
    safer-buffer ">= 2.1.2 < 3"

immediate@3.0.6:
  version "3.0.6"
  resolved "https://nexus.dev.casaba.tech/repository/npm/immediate/-/immediate-3.0.6.tgz#9db1dbd0faf8de6fbe0f5dd5e56bb606280de69b"

inherits@2.0.3, inherits@^2.0.1, inherits@^2.0.3, inherits@~2.0.1, inherits@~2.0.3:
  version "2.0.3"
  resolved "https://nexus.dev.casaba.tech/repository/npm/inherits/-/inherits-2.0.3.tgz#633c2c83e3da42a502f52466022480f4208261de"

ini@~1.3.0:
  version "1.3.5"
  resolved "https://nexus.dev.casaba.tech/repository/npm/ini/-/ini-1.3.5.tgz#eee25f56db1c9ec6085e0c22778083f596abf927"

ipaddr.js@1.8.0:
  version "1.8.0"
  resolved "https://nexus.dev.casaba.tech/repository/npm/ipaddr.js/-/ipaddr.js-1.8.0.tgz#eaa33d6ddd7ace8f7f6fe0c9ca0440e706738b1e"

is-fullwidth-code-point@^1.0.0:
  version "1.0.0"
  resolved "https://nexus.dev.casaba.tech/repository/npm/is-fullwidth-code-point/-/is-fullwidth-code-point-1.0.0.tgz#ef9e31386f031a7f0d643af82fde50c457ef00cb"
  dependencies:
    number-is-nan "^1.0.0"

is-fullwidth-code-point@^2.0.0:
  version "2.0.0"
  resolved "https://nexus.dev.casaba.tech/repository/npm/is-fullwidth-code-point/-/is-fullwidth-code-point-2.0.0.tgz#a3b30a5c4f199183167aaab93beefae3ddfb654f"

isarray@0.0.1:
  version "0.0.1"
  resolved "https://nexus.dev.casaba.tech/repository/npm/isarray/-/isarray-0.0.1.tgz#8a18acfca9a8f4177e09abfc6038939b05d1eedf"

isarray@~1.0.0:
  version "1.0.0"
  resolved "https://nexus.dev.casaba.tech/repository/npm/isarray/-/isarray-1.0.0.tgz#bb935d48582cba168c06834957a54a3e07124f11"

level-codec@7.0.1:
  version "7.0.1"
  resolved "https://nexus.dev.casaba.tech/repository/npm/level-codec/-/level-codec-7.0.1.tgz#341f22f907ce0f16763f24bddd681e395a0fb8a7"

level-codec@^8.0.0:
  version "8.0.0"
  resolved "https://nexus.dev.casaba.tech/repository/npm/level-codec/-/level-codec-8.0.0.tgz#3a4a0de06dae20c2f5a57b3372c7651e67083e03"

level-errors@^1.0.4, level-errors@~1.1.0:
  version "1.1.2"
  resolved "https://nexus.dev.casaba.tech/repository/npm/level-errors/-/level-errors-1.1.2.tgz#4399c2f3d3ab87d0625f7e3676e2d807deff404d"
  dependencies:
    errno "~0.1.1"

level-errors@~2.0.0:
  version "2.0.0"
  resolved "https://nexus.dev.casaba.tech/repository/npm/level-errors/-/level-errors-2.0.0.tgz#2de5b566b62eef92f99e19be74397fbc512563fa"
  dependencies:
    errno "~0.1.1"

level-iterator-stream@~2.0.0:
  version "2.0.3"
  resolved "https://nexus.dev.casaba.tech/repository/npm/level-iterator-stream/-/level-iterator-stream-2.0.3.tgz#ccfff7c046dcf47955ae9a86f46dfa06a31688b4"
  dependencies:
    inherits "^2.0.1"
    readable-stream "^2.0.5"
    xtend "^4.0.0"

level-packager@^2.0.2:
  version "2.1.1"
  resolved "https://nexus.dev.casaba.tech/repository/npm/level-packager/-/level-packager-2.1.1.tgz#10b653decb67b0a09c4e961ae84f196edaad205a"
  dependencies:
    encoding-down "~4.0.0"
    levelup "^2.0.0"

level-write-stream@1.0.0:
  version "1.0.0"
  resolved "https://nexus.dev.casaba.tech/repository/npm/level-write-stream/-/level-write-stream-1.0.0.tgz#3f7fbb679a55137c0feb303dee766e12ee13c1dc"
  dependencies:
    end-stream "~0.1.0"

level@3.0.2:
  version "3.0.2"
  resolved "https://nexus.dev.casaba.tech/repository/npm/level/-/level-3.0.2.tgz#83c3d6e48c9e89abc4b6f5ca1c591f177ea2bd59"
  dependencies:
    level-packager "^2.0.2"
    leveldown "^3.0.0"
    opencollective-postinstall "^2.0.0"

leveldown@3.0.0:
  version "3.0.0"
  resolved "https://nexus.dev.casaba.tech/repository/npm/leveldown/-/leveldown-3.0.0.tgz#a42ef5d4029f88ba538ed8da3e6c34c5b008ddd7"
  dependencies:
    abstract-leveldown "~4.0.0"
    bindings "~1.3.0"
    fast-future "~1.0.2"
    nan "~2.8.0"
    prebuild-install "^2.1.0"

leveldown@^3.0.0:
  version "3.0.2"
  resolved "https://nexus.dev.casaba.tech/repository/npm/leveldown/-/leveldown-3.0.2.tgz#d1fb708991c54c874ca1b0688644a25d926e6302"
  dependencies:
    abstract-leveldown "~4.0.0"
    bindings "~1.3.0"
    fast-future "~1.0.2"
    nan "~2.10.0"
    prebuild-install "^4.0.0"

levelup@3.0.1:
  version "3.0.1"
  resolved "https://nexus.dev.casaba.tech/repository/npm/levelup/-/levelup-3.0.1.tgz#07794639fd0af185089130aaea09d03023637b8d"
  dependencies:
    deferred-leveldown "~4.0.0"
    level-errors "~2.0.0"
    level-iterator-stream "~2.0.0"
    xtend "~4.0.0"

levelup@^2.0.0:
  version "2.0.2"
  resolved "https://nexus.dev.casaba.tech/repository/npm/levelup/-/levelup-2.0.2.tgz#83dd22ffd5ee14482143c37cddfb8457854d3727"
  dependencies:
    deferred-leveldown "~3.0.0"
    level-errors "~1.1.0"
    level-iterator-stream "~2.0.0"
    xtend "~4.0.0"

log4js@^3.0.5:
  version "3.0.6"
  resolved "https://nexus.dev.casaba.tech/repository/npm/log4js/-/log4js-3.0.6.tgz#e6caced94967eeeb9ce399f9f8682a4b2b28c8ff"
  dependencies:
    circular-json "^0.5.5"
    date-format "^1.2.0"
    debug "^3.1.0"
    rfdc "^1.1.2"
    streamroller "0.7.0"

ltgt@2.2.1:
  version "2.2.1"
  resolved "https://nexus.dev.casaba.tech/repository/npm/ltgt/-/ltgt-2.2.1.tgz#f35ca91c493f7b73da0e07495304f17b31f87ee5"

media-typer@0.3.0:
  version "0.3.0"
  resolved "https://nexus.dev.casaba.tech/repository/npm/media-typer/-/media-typer-0.3.0.tgz#8710d7af0aa626f8fffa1ce00168545263255748"

merge-descriptors@1.0.1:
  version "1.0.1"
  resolved "https://nexus.dev.casaba.tech/repository/npm/merge-descriptors/-/merge-descriptors-1.0.1.tgz#b00aaa556dd8b44568150ec9d1b953f3f90cbb61"

methods@~1.1.2:
  version "1.1.2"
  resolved "https://nexus.dev.casaba.tech/repository/npm/methods/-/methods-1.1.2.tgz#5529a4d67654134edcc5266656835b0f851afcee"

mime-db@~1.38.0:
  version "1.38.0"
  resolved "https://nexus.dev.casaba.tech/repository/npm/mime-db/-/mime-db-1.38.0.tgz#1a2aab16da9eb167b49c6e4df2d9c68d63d8e2ad"

mime-types@~2.1.18:
  version "2.1.22"
  resolved "https://nexus.dev.casaba.tech/repository/npm/mime-types/-/mime-types-2.1.22.tgz#fe6b355a190926ab7698c9a0556a11199b2199bd"
  dependencies:
    mime-db "~1.38.0"

mime@1.4.1:
  version "1.4.1"
  resolved "https://nexus.dev.casaba.tech/repository/npm/mime/-/mime-1.4.1.tgz#121f9ebc49e3766f311a76e1fa1c8003c4b03aa6"

mimic-response@^1.0.0:
  version "1.0.1"
  resolved "https://nexus.dev.casaba.tech/repository/npm/mimic-response/-/mimic-response-1.0.1.tgz#4923538878eef42063cb8a3e3b0798781487ab1b"

minimist@0.0.8:
  version "0.0.8"
  resolved "https://nexus.dev.casaba.tech/repository/npm/minimist/-/minimist-0.0.8.tgz#857fcabfc3397d2625b8228262e86aa7a011b05d"

minimist@^1.2.0:
  version "1.2.0"
  resolved "https://nexus.dev.casaba.tech/repository/npm/minimist/-/minimist-1.2.0.tgz#a35008b20f41383eec1fb914f4cd5df79a264284"

mkdirp@^0.5.1:
  version "0.5.1"
  resolved "https://nexus.dev.casaba.tech/repository/npm/mkdirp/-/mkdirp-0.5.1.tgz#30057438eac6cf7f8c4767f38648d6697d75c903"
  dependencies:
    minimist "0.0.8"

ms@2.0.0:
  version "2.0.0"
  resolved "https://nexus.dev.casaba.tech/repository/npm/ms/-/ms-2.0.0.tgz#5608aeadfc00be6c2901df5f9861788de0d597c8"

ms@^2.1.1:
  version "2.1.1"
  resolved "https://nexus.dev.casaba.tech/repository/npm/ms/-/ms-2.1.1.tgz#30a5864eb3ebb0a66f2ebe6d727af06a09d86e0a"

nan@^2.10.0:
  version "2.12.1"
  resolved "https://nexus.dev.casaba.tech/repository/npm/nan/-/nan-2.12.1.tgz#7b1aa193e9aa86057e3c7bbd0ac448e770925552"

nan@~2.10.0:
  version "2.10.0"
  resolved "https://nexus.dev.casaba.tech/repository/npm/nan/-/nan-2.10.0.tgz#96d0cd610ebd58d4b4de9cc0c6828cda99c7548f"

nan@~2.8.0:
  version "2.8.0"
  resolved "https://nexus.dev.casaba.tech/repository/npm/nan/-/nan-2.8.0.tgz#ed715f3fe9de02b57a5e6252d90a96675e1f085a"

napi-build-utils@^1.0.1:
  version "1.0.1"
  resolved "https://nexus.dev.casaba.tech/repository/npm/napi-build-utils/-/napi-build-utils-1.0.1.tgz#1381a0f92c39d66bf19852e7873432fc2123e508"

negotiator@0.6.1:
  version "0.6.1"
  resolved "https://nexus.dev.casaba.tech/repository/npm/negotiator/-/negotiator-0.6.1.tgz#2b327184e8992101177b28563fb5e7102acd0ca9"

node-abi@^2.2.0:
  version "2.7.1"
  resolved "https://nexus.dev.casaba.tech/repository/npm/node-abi/-/node-abi-2.7.1.tgz#a8997ae91176a5fbaa455b194976e32683cda643"
  dependencies:
    semver "^5.4.1"

node-cron@^1.2.0:
  version "1.2.1"
  resolved "https://nexus.dev.casaba.tech/repository/npm/node-cron/-/node-cron-1.2.1.tgz#8c90bc5dc723a56289b0786655ab4a1c4cb60368"

node-fetch@^2.0.0:
  version "2.3.0"
  resolved "https://nexus.dev.casaba.tech/repository/npm/node-fetch/-/node-fetch-2.3.0.tgz#1a1d940bbfb916a1d3e0219f037e89e71f8c5fa5"

noop-logger@^0.1.1:
  version "0.1.1"
  resolved "https://nexus.dev.casaba.tech/repository/npm/noop-logger/-/noop-logger-0.1.1.tgz#94a2b1633c4f1317553007d8966fd0e841b6a4c2"

npmlog@^4.0.1:
  version "4.1.2"
  resolved "https://nexus.dev.casaba.tech/repository/npm/npmlog/-/npmlog-4.1.2.tgz#08a7f2a8bf734604779a9efa4ad5cc717abb954b"
  dependencies:
    are-we-there-yet "~1.1.2"
    console-control-strings "~1.1.0"
    gauge "~2.7.3"
    set-blocking "~2.0.0"

number-is-nan@^1.0.0:
  version "1.0.1"
  resolved "https://nexus.dev.casaba.tech/repository/npm/number-is-nan/-/number-is-nan-1.0.1.tgz#097b602b53422a522c1afb8790318336941a011d"

object-assign@^4.1.0:
  version "4.1.1"
  resolved "https://nexus.dev.casaba.tech/repository/npm/object-assign/-/object-assign-4.1.1.tgz#2109adc7965887cfc05cbbd442cac8bfbb360863"

on-finished@~2.3.0:
  version "2.3.0"
  resolved "https://nexus.dev.casaba.tech/repository/npm/on-finished/-/on-finished-2.3.0.tgz#20f1336481b083cd75337992a16971aa2d906947"
  dependencies:
    ee-first "1.1.1"

once@^1.3.1, once@^1.4.0:
  version "1.4.0"
  resolved "https://nexus.dev.casaba.tech/repository/npm/once/-/once-1.4.0.tgz#583b1aa775961d4b113ac17d9c50baef9dd76bd1"
  dependencies:
    wrappy "1"

opencollective-postinstall@^2.0.0:
  version "2.0.2"
  resolved "https://nexus.dev.casaba.tech/repository/npm/opencollective-postinstall/-/opencollective-postinstall-2.0.2.tgz#5657f1bede69b6e33a45939b061eb53d3c6c3a89"

os-homedir@^1.0.1:
  version "1.0.2"
  resolved "https://nexus.dev.casaba.tech/repository/npm/os-homedir/-/os-homedir-1.0.2.tgz#ffbc4988336e0e833de0c168c7ef152121aa7fb3"

parseurl@~1.3.2:
  version "1.3.2"
  resolved "https://nexus.dev.casaba.tech/repository/npm/parseurl/-/parseurl-1.3.2.tgz#fc289d4ed8993119460c156253262cdc8de65bf3"

path-to-regexp@0.1.7:
  version "0.1.7"
  resolved "https://nexus.dev.casaba.tech/repository/npm/path-to-regexp/-/path-to-regexp-0.1.7.tgz#df604178005f522f15eb4490e7247a1bfaa67f8c"

pouchdb@^7.0.0:
  version "7.0.0"
  resolved "https://nexus.dev.casaba.tech/repository/npm/pouchdb/-/pouchdb-7.0.0.tgz#e95df9ef87127d0ea90222d073794bcb47c38648"
  dependencies:
    argsarray "0.0.1"
    buffer-from "1.1.0"
    clone-buffer "1.0.0"
    double-ended-queue "2.1.0-0"
    fetch-cookie "0.7.0"
    immediate "3.0.6"
    inherits "2.0.3"
    level "3.0.2"
    level-codec "7.0.1"
    level-write-stream "1.0.0"
    leveldown "3.0.0"
    levelup "3.0.1"
    ltgt "2.2.1"
    node-fetch "^2.0.0"
    readable-stream "1.0.33"
    spark-md5 "3.0.0"
    through2 "2.0.3"
    uuid "3.2.1"
    vuvuzela "1.0.3"

prebuild-install@5.2.1:
  version "5.2.1"
  resolved "https://nexus.dev.casaba.tech/repository/npm/prebuild-install/-/prebuild-install-5.2.1.tgz#87ba8cf17c65360a75eefeb3519e87973bf9791d"
  dependencies:
    detect-libc "^1.0.3"
    expand-template "^1.0.2"
    github-from-package "0.0.0"
    minimist "^1.2.0"
    mkdirp "^0.5.1"
    napi-build-utils "^1.0.1"
    node-abi "^2.2.0"
    noop-logger "^0.1.1"
    npmlog "^4.0.1"
    os-homedir "^1.0.1"
    pump "^2.0.1"
    rc "^1.2.7"
    simple-get "^2.7.0"
    tar-fs "^1.13.0"
    tunnel-agent "^0.6.0"
    which-pm-runs "^1.0.0"

prebuild-install@^2.1.0:
  version "2.5.3"
  resolved "https://nexus.dev.casaba.tech/repository/npm/prebuild-install/-/prebuild-install-2.5.3.tgz#9f65f242782d370296353710e9bc843490c19f69"
  dependencies:
    detect-libc "^1.0.3"
    expand-template "^1.0.2"
    github-from-package "0.0.0"
    minimist "^1.2.0"
    mkdirp "^0.5.1"
    node-abi "^2.2.0"
    noop-logger "^0.1.1"
    npmlog "^4.0.1"
    os-homedir "^1.0.1"
    pump "^2.0.1"
    rc "^1.1.6"
    simple-get "^2.7.0"
    tar-fs "^1.13.0"
    tunnel-agent "^0.6.0"
    which-pm-runs "^1.0.0"

prebuild-install@^4.0.0:
  version "4.0.0"
  resolved "https://nexus.dev.casaba.tech/repository/npm/prebuild-install/-/prebuild-install-4.0.0.tgz#206ce8106ce5efa4b6cf062fc8a0a7d93c17f3a8"
  dependencies:
    detect-libc "^1.0.3"
    expand-template "^1.0.2"
    github-from-package "0.0.0"
    minimist "^1.2.0"
    mkdirp "^0.5.1"
    node-abi "^2.2.0"
    noop-logger "^0.1.1"
    npmlog "^4.0.1"
    os-homedir "^1.0.1"
    pump "^2.0.1"
    rc "^1.1.6"
    simple-get "^2.7.0"
    tar-fs "^1.13.0"
    tunnel-agent "^0.6.0"
    which-pm-runs "^1.0.0"

process-nextick-args@~2.0.0:
  version "2.0.0"
  resolved "https://nexus.dev.casaba.tech/repository/npm/process-nextick-args/-/process-nextick-args-2.0.0.tgz#a37d732f4271b4ab1ad070d35508e8290788ffaa"

proxy-addr@~2.0.4:
  version "2.0.4"
  resolved "https://nexus.dev.casaba.tech/repository/npm/proxy-addr/-/proxy-addr-2.0.4.tgz#ecfc733bf22ff8c6f407fa275327b9ab67e48b93"
  dependencies:
    forwarded "~0.1.2"
    ipaddr.js "1.8.0"

prr@~1.0.1:
  version "1.0.1"
  resolved "https://nexus.dev.casaba.tech/repository/npm/prr/-/prr-1.0.1.tgz#d3fc114ba06995a45ec6893f484ceb1d78f5f476"

psl@^1.1.28:
  version "1.1.31"
  resolved "https://nexus.dev.casaba.tech/repository/npm/psl/-/psl-1.1.31.tgz#e9aa86d0101b5b105cbe93ac6b784cd547276184"

pump@^1.0.0:
  version "1.0.3"
  resolved "https://nexus.dev.casaba.tech/repository/npm/pump/-/pump-1.0.3.tgz#5dfe8311c33bbf6fc18261f9f34702c47c08a954"
  dependencies:
    end-of-stream "^1.1.0"
    once "^1.3.1"

pump@^2.0.1:
  version "2.0.1"
  resolved "https://nexus.dev.casaba.tech/repository/npm/pump/-/pump-2.0.1.tgz#12399add6e4cf7526d973cbc8b5ce2e2908b3909"
  dependencies:
    end-of-stream "^1.1.0"
    once "^1.3.1"

punycode@^2.1.1:
  version "2.1.1"
  resolved "https://nexus.dev.casaba.tech/repository/npm/punycode/-/punycode-2.1.1.tgz#b58b010ac40c22c5657616c8d2c2c02c7bf479ec"

qs@6.5.2:
  version "6.5.2"
  resolved "https://nexus.dev.casaba.tech/repository/npm/qs/-/qs-6.5.2.tgz#cb3ae806e8740444584ef154ce8ee98d403f3e36"

range-parser@~1.2.0:
  version "1.2.0"
  resolved "https://nexus.dev.casaba.tech/repository/npm/range-parser/-/range-parser-1.2.0.tgz#f49be6b487894ddc40dcc94a322f611092e00d5e"

raw-body@2.3.3:
  version "2.3.3"
  resolved "https://nexus.dev.casaba.tech/repository/npm/raw-body/-/raw-body-2.3.3.tgz#1b324ece6b5706e153855bc1148c65bb7f6ea0c3"
  dependencies:
    bytes "3.0.0"
    http-errors "1.6.3"
    iconv-lite "0.4.23"
    unpipe "1.0.0"

rc@^1.1.6, rc@^1.2.7:
  version "1.2.8"
  resolved "https://nexus.dev.casaba.tech/repository/npm/rc/-/rc-1.2.8.tgz#cd924bf5200a075b83c188cd6b9e211b7fc0d3ed"
  dependencies:
    deep-extend "^0.6.0"
    ini "~1.3.0"
    minimist "^1.2.0"
    strip-json-comments "~2.0.1"

readable-stream@1.0.33:
  version "1.0.33"
  resolved "https://nexus.dev.casaba.tech/repository/npm/readable-stream/-/readable-stream-1.0.33.tgz#3a360dd66c1b1d7fd4705389860eda1d0f61126c"
  dependencies:
    core-util-is "~1.0.0"
    inherits "~2.0.1"
    isarray "0.0.1"
    string_decoder "~0.10.x"

readable-stream@^2.0.5, readable-stream@^2.0.6, readable-stream@^2.1.5, readable-stream@^2.3.0, readable-stream@^2.3.5:
  version "2.3.6"
  resolved "https://nexus.dev.casaba.tech/repository/npm/readable-stream/-/readable-stream-2.3.6.tgz#b11c27d88b8ff1fbe070643cf94b0c79ae1b0aaf"
  dependencies:
    core-util-is "~1.0.0"
    inherits "~2.0.3"
    isarray "~1.0.0"
    process-nextick-args "~2.0.0"
    safe-buffer "~5.1.1"
    string_decoder "~1.1.1"
    util-deprecate "~1.0.1"

readable-stream@~0.0.2:
  version "0.0.4"
  resolved "https://nexus.dev.casaba.tech/repository/npm/readable-stream/-/readable-stream-0.0.4.tgz#f32d76e3fb863344a548d79923007173665b3b8d"

rfdc@^1.1.2:
  version "1.1.2"
  resolved "https://nexus.dev.casaba.tech/repository/npm/rfdc/-/rfdc-1.1.2.tgz#e6e72d74f5dc39de8f538f65e00c36c18018e349"

safe-buffer@5.1.2, safe-buffer@^5.0.1, safe-buffer@^5.1.1, safe-buffer@~5.1.0, safe-buffer@~5.1.1:
  version "5.1.2"
  resolved "https://nexus.dev.casaba.tech/repository/npm/safe-buffer/-/safe-buffer-5.1.2.tgz#991ec69d296e0313747d59bdfd2b745c35f8828d"

"safer-buffer@>= 2.1.2 < 3":
  version "2.1.2"
  resolved "https://nexus.dev.casaba.tech/repository/npm/safer-buffer/-/safer-buffer-2.1.2.tgz#44fa161b0187b9549dd84bb91802f9bd8385cd6a"

semver@^5.4.1:
  version "5.6.0"
  resolved "https://nexus.dev.casaba.tech/repository/npm/semver/-/semver-5.6.0.tgz#7e74256fbaa49c75aa7c7a205cc22799cac80004"

send@0.16.2:
  version "0.16.2"
  resolved "https://nexus.dev.casaba.tech/repository/npm/send/-/send-0.16.2.tgz#6ecca1e0f8c156d141597559848df64730a6bbc1"
  dependencies:
    debug "2.6.9"
    depd "~1.1.2"
    destroy "~1.0.4"
    encodeurl "~1.0.2"
    escape-html "~1.0.3"
    etag "~1.8.1"
    fresh "0.5.2"
    http-errors "~1.6.2"
    mime "1.4.1"
    ms "2.0.0"
    on-finished "~2.3.0"
    range-parser "~1.2.0"
    statuses "~1.4.0"

serve-static@1.13.2:
  version "1.13.2"
  resolved "https://nexus.dev.casaba.tech/repository/npm/serve-static/-/serve-static-1.13.2.tgz#095e8472fd5b46237db50ce486a43f4b86c6cec1"
  dependencies:
    encodeurl "~1.0.2"
    escape-html "~1.0.3"
    parseurl "~1.3.2"
    send "0.16.2"

set-blocking@~2.0.0:
  version "2.0.0"
  resolved "https://nexus.dev.casaba.tech/repository/npm/set-blocking/-/set-blocking-2.0.0.tgz#045f9782d011ae9a6803ddd382b24392b3d890f7"

setprototypeof@1.1.0:
  version "1.1.0"
  resolved "https://nexus.dev.casaba.tech/repository/npm/setprototypeof/-/setprototypeof-1.1.0.tgz#d0bd85536887b6fe7c0d818cb962d9d91c54e656"

signal-exit@^3.0.0:
  version "3.0.2"
  resolved "https://nexus.dev.casaba.tech/repository/npm/signal-exit/-/signal-exit-3.0.2.tgz#b5fdc08f1287ea1178628e415e25132b73646c6d"

simple-concat@^1.0.0:
  version "1.0.0"
  resolved "https://nexus.dev.casaba.tech/repository/npm/simple-concat/-/simple-concat-1.0.0.tgz#7344cbb8b6e26fb27d66b2fc86f9f6d5997521c6"

simple-get@^2.7.0:
  version "2.8.1"
  resolved "https://nexus.dev.casaba.tech/repository/npm/simple-get/-/simple-get-2.8.1.tgz#0e22e91d4575d87620620bc91308d57a77f44b5d"
  dependencies:
    decompress-response "^3.3.0"
    once "^1.3.1"
    simple-concat "^1.0.0"

spark-md5@3.0.0:
  version "3.0.0"
  resolved "https://nexus.dev.casaba.tech/repository/npm/spark-md5/-/spark-md5-3.0.0.tgz#3722227c54e2faf24b1dc6d933cc144e6f71bfef"

"statuses@>= 1.4.0 < 2":
  version "1.5.0"
  resolved "https://nexus.dev.casaba.tech/repository/npm/statuses/-/statuses-1.5.0.tgz#161c7dac177659fd9811f43771fa99381478628c"

statuses@~1.4.0:
  version "1.4.0"
  resolved "https://nexus.dev.casaba.tech/repository/npm/statuses/-/statuses-1.4.0.tgz#bb73d446da2796106efcc1b601a253d6c46bd087"

streamroller@0.7.0:
  version "0.7.0"
  resolved "https://nexus.dev.casaba.tech/repository/npm/streamroller/-/streamroller-0.7.0.tgz#a1d1b7cf83d39afb0d63049a5acbf93493bdf64b"
  dependencies:
    date-format "^1.2.0"
    debug "^3.1.0"
    mkdirp "^0.5.1"
    readable-stream "^2.3.0"

string-width@^1.0.1:
  version "1.0.2"
  resolved "https://nexus.dev.casaba.tech/repository/npm/string-width/-/string-width-1.0.2.tgz#118bdf5b8cdc51a2a7e70d211e07e2b0b9b107d3"
  dependencies:
    code-point-at "^1.0.0"
    is-fullwidth-code-point "^1.0.0"
    strip-ansi "^3.0.0"

"string-width@^1.0.2 || 2":
  version "2.1.1"
  resolved "https://nexus.dev.casaba.tech/repository/npm/string-width/-/string-width-2.1.1.tgz#ab93f27a8dc13d28cac815c462143a6d9012ae9e"
  dependencies:
    is-fullwidth-code-point "^2.0.0"
    strip-ansi "^4.0.0"

string_decoder@~0.10.x:
  version "0.10.31"
  resolved "https://nexus.dev.casaba.tech/repository/npm/string_decoder/-/string_decoder-0.10.31.tgz#62e203bc41766c6c28c9fc84301dab1c5310fa94"

string_decoder@~1.1.1:
  version "1.1.1"
  resolved "https://nexus.dev.casaba.tech/repository/npm/string_decoder/-/string_decoder-1.1.1.tgz#9cf1611ba62685d7030ae9e4ba34149c3af03fc8"
  dependencies:
    safe-buffer "~5.1.0"

strip-ansi@^3.0.0, strip-ansi@^3.0.1:
  version "3.0.1"
  resolved "https://nexus.dev.casaba.tech/repository/npm/strip-ansi/-/strip-ansi-3.0.1.tgz#6a385fb8853d952d5ff05d0e8aaf94278dc63dcf"
  dependencies:
    ansi-regex "^2.0.0"

strip-ansi@^4.0.0:
  version "4.0.0"
  resolved "https://nexus.dev.casaba.tech/repository/npm/strip-ansi/-/strip-ansi-4.0.0.tgz#a8479022eb1ac368a871389b635262c505ee368f"
  dependencies:
    ansi-regex "^3.0.0"

strip-json-comments@~2.0.1:
  version "2.0.1"
  resolved "https://nexus.dev.casaba.tech/repository/npm/strip-json-comments/-/strip-json-comments-2.0.1.tgz#3c531942e908c2697c0ec344858c286c7ca0a60a"

tar-fs@^1.13.0:
  version "1.16.3"
  resolved "https://nexus.dev.casaba.tech/repository/npm/tar-fs/-/tar-fs-1.16.3.tgz#966a628841da2c4010406a82167cbd5e0c72d509"
  dependencies:
    chownr "^1.0.1"
    mkdirp "^0.5.1"
    pump "^1.0.0"
    tar-stream "^1.1.2"

tar-stream@^1.1.2:
  version "1.6.2"
  resolved "https://nexus.dev.casaba.tech/repository/npm/tar-stream/-/tar-stream-1.6.2.tgz#8ea55dab37972253d9a9af90fdcd559ae435c555"
  dependencies:
    bl "^1.0.0"
    buffer-alloc "^1.2.0"
    end-of-stream "^1.0.0"
    fs-constants "^1.0.0"
    readable-stream "^2.3.0"
    to-buffer "^1.1.1"
    xtend "^4.0.0"

through2@2.0.3:
  version "2.0.3"
  resolved "https://nexus.dev.casaba.tech/repository/npm/through2/-/through2-2.0.3.tgz#0004569b37c7c74ba39c43f3ced78d1ad94140be"
  dependencies:
    readable-stream "^2.1.5"
    xtend "~4.0.1"

to-buffer@^1.1.1:
  version "1.1.1"
  resolved "https://nexus.dev.casaba.tech/repository/npm/to-buffer/-/to-buffer-1.1.1.tgz#493bd48f62d7c43fcded313a03dcadb2e1213a80"

tough-cookie@^2.3.1:
  version "2.5.0"
  resolved "https://nexus.dev.casaba.tech/repository/npm/tough-cookie/-/tough-cookie-2.5.0.tgz#cd9fb2a0aa1d5a12b473bd9fb96fa3dcff65ade2"
  dependencies:
    psl "^1.1.28"
    punycode "^2.1.1"

tunnel-agent@^0.6.0:
  version "0.6.0"
  resolved "https://nexus.dev.casaba.tech/repository/npm/tunnel-agent/-/tunnel-agent-0.6.0.tgz#27a5dea06b36b04a0a9966774b290868f0fc40fd"
  dependencies:
    safe-buffer "^5.0.1"

type-is@~1.6.16:
  version "1.6.16"
  resolved "https://nexus.dev.casaba.tech/repository/npm/type-is/-/type-is-1.6.16.tgz#f89ce341541c672b25ee7ae3c73dee3b2be50194"
  dependencies:
    media-typer "0.3.0"
    mime-types "~2.1.18"

unpipe@1.0.0, unpipe@~1.0.0:
  version "1.0.0"
  resolved "https://nexus.dev.casaba.tech/repository/npm/unpipe/-/unpipe-1.0.0.tgz#b2bf4ee8514aae6165b4817829d21b2ef49904ec"

util-deprecate@~1.0.1:
  version "1.0.2"
  resolved "https://nexus.dev.casaba.tech/repository/npm/util-deprecate/-/util-deprecate-1.0.2.tgz#450d4dc9fa70de732762fbd2d4a28981419a0ccf"

utils-merge@1.0.1:
  version "1.0.1"
  resolved "https://nexus.dev.casaba.tech/repository/npm/utils-merge/-/utils-merge-1.0.1.tgz#9f95710f50a267947b2ccc124741c1028427e713"

uuid@3.2.1:
  version "3.2.1"
  resolved "https://nexus.dev.casaba.tech/repository/npm/uuid/-/uuid-3.2.1.tgz#12c528bb9d58d0b9265d9a2f6f0fe8be17ff1f14"

vary@~1.1.2:
  version "1.1.2"
  resolved "https://nexus.dev.casaba.tech/repository/npm/vary/-/vary-1.1.2.tgz#2299f02c6ded30d4a5961b0b9f74524a18f634fc"

vuvuzela@1.0.3:
  version "1.0.3"
  resolved "https://nexus.dev.casaba.tech/repository/npm/vuvuzela/-/vuvuzela-1.0.3.tgz#3be145e58271c73ca55279dd851f12a682114b0b"

which-pm-runs@^1.0.0:
  version "1.0.0"
  resolved "https://nexus.dev.casaba.tech/repository/npm/which-pm-runs/-/which-pm-runs-1.0.0.tgz#670b3afbc552e0b55df6b7780ca74615f23ad1cb"

wide-align@^1.1.0:
  version "1.1.3"
  resolved "https://nexus.dev.casaba.tech/repository/npm/wide-align/-/wide-align-1.1.3.tgz#ae074e6bdc0c14a431e804e624549c633b000457"
  dependencies:
    string-width "^1.0.2 || 2"

wrappy@1:
  version "1.0.2"
  resolved "https://nexus.dev.casaba.tech/repository/npm/wrappy/-/wrappy-1.0.2.tgz#b5243d8f3ec1aa35f1364605bc0d1036e30ab69f"

write-stream@~0.4.3:
  version "0.4.3"
  resolved "https://nexus.dev.casaba.tech/repository/npm/write-stream/-/write-stream-0.4.3.tgz#83cc8c0347d0af6057a93862b4e3ae01de5c81c1"
  dependencies:
    readable-stream "~0.0.2"

xtend@^4.0.0, xtend@^4.0.1, xtend@~4.0.0, xtend@~4.0.1:
  version "4.0.1"
  resolved "https://nexus.dev.casaba.tech/repository/npm/xtend/-/xtend-4.0.1.tgz#a5c6d532be656e23db820efb943a1f04998d63af"

zeromq@^5.1.0:
  version "5.1.0"
  resolved "https://nexus.dev.casaba.tech/repository/npm/zeromq/-/zeromq-5.1.0.tgz#e96508f8babe851c1ea07c0edcedf8e7715947f6"
  dependencies:
    nan "^2.10.0"
    prebuild-install "5.2.1"
